
Microsoft Visual Studio Solution File, Format Version 12.00
# Visual Studio 15
VisualStudioVersion = 15.0.26430.6
MinimumVisualStudioVersion = 10.0.40219.1
Project("{F184B08F-C81C-45F6-A57F-5ABD9991F28F}") = "DailyDocket.Builder", "Builder\DailyDocket.Builder.vbproj", "{6777E3E7-DCF3-4F91-9077-D896B63E3FEE}"
EndProject
Project("{F184B08F-C81C-45F6-A57F-5ABD9991F28F}") = "DailyDocket.CommonCore", "CommonCore\DailyDocket.CommonCore.vbproj", "{BAA1FC3D-F484-464F-ABE2-DC83A4E07043}"
EndProject
Project("{E24C65DC-7377-472B-9ABA-BC803B73C61A}") = "Website", "Website\", "{E9A30552-D29B-4933-B9F0-72B439903CAF}"
	ProjectSection(WebsiteProperties) = preProject
		TargetFrameworkMoniker = ".NETFramework,Version%3Dv4.0"
		Debug.AspNetCompiler.VirtualPath = "/localhost_62769"
		Debug.AspNetCompiler.PhysicalPath = "Website\"
		Debug.AspNetCompiler.TargetPath = "PrecompiledWeb\localhost_62769\"
		Debug.AspNetCompiler.Updateable = "true"
		Debug.AspNetCompiler.ForceOverwrite = "true"
		Debug.AspNetCompiler.FixedNames = "false"
		Debug.AspNetCompiler.Debug = "True"
		Release.AspNetCompiler.VirtualPath = "/localhost_62769"
		Release.AspNetCompiler.PhysicalPath = "Website\"
		Release.AspNetCompiler.TargetPath = "PrecompiledWeb\localhost_62769\"
		Release.AspNetCompiler.Updateable = "true"
		Release.AspNetCompiler.ForceOverwrite = "true"
		Release.AspNetCompiler.FixedNames = "false"
		Release.AspNetCompiler.Debug = "False"
		VWDPort = "62769"
		SlnRelativePath = "Website\"
	EndProjectSection
EndProject
Project("{F184B08F-C81C-45F6-A57F-5ABD9991F28F}") = "DailyDocket.CommonCore.Shared", "CommonCore.Shared\DailyDocket.CommonCore.Shared.vbproj", "{A5E6D981-BE58-44CB-A625-46E58EE61CAB}"
EndProject
Global
	GlobalSection(SolutionConfigurationPlatforms) = preSolution
		Ad-Hoc|Android = Ad-Hoc|Android
		Ad-Hoc|Any CPU = Ad-Hoc|Any CPU
		Ad-Hoc|ARM = Ad-Hoc|ARM
		Ad-Hoc|iOS = Ad-Hoc|iOS
		Ad-Hoc|iPhone = Ad-Hoc|iPhone
		Ad-Hoc|iPhoneSimulator = Ad-Hoc|iPhoneSimulator
		Ad-Hoc|Windows-ARM = Ad-Hoc|Windows-ARM
		Ad-Hoc|Windows-x64 = Ad-Hoc|Windows-x64
		Ad-Hoc|Windows-x86 = Ad-Hoc|Windows-x86
		Ad-Hoc|x64 = Ad-Hoc|x64
		Ad-Hoc|x86 = Ad-Hoc|x86
		AppStore|Android = AppStore|Android
		AppStore|Any CPU = AppStore|Any CPU
		AppStore|ARM = AppStore|ARM
		AppStore|iOS = AppStore|iOS
		AppStore|iPhone = AppStore|iPhone
		AppStore|iPhoneSimulator = AppStore|iPhoneSimulator
		AppStore|Windows-ARM = AppStore|Windows-ARM
		AppStore|Windows-x64 = AppStore|Windows-x64
		AppStore|Windows-x86 = AppStore|Windows-x86
		AppStore|x64 = AppStore|x64
		AppStore|x86 = AppStore|x86
		Debug|Android = Debug|Android
		Debug|Any CPU = Debug|Any CPU
		Debug|ARM = Debug|ARM
		Debug|iOS = Debug|iOS
		Debug|iPhone = Debug|iPhone
		Debug|iPhoneSimulator = Debug|iPhoneSimulator
		Debug|Windows-ARM = Debug|Windows-ARM
		Debug|Windows-x64 = Debug|Windows-x64
		Debug|Windows-x86 = Debug|Windows-x86
		Debug|x64 = Debug|x64
		Debug|x86 = Debug|x86
		Release|Android = Release|Android
		Release|Any CPU = Release|Any CPU
		Release|ARM = Release|ARM
		Release|iOS = Release|iOS
		Release|iPhone = Release|iPhone
		Release|iPhoneSimulator = Release|iPhoneSimulator
		Release|Windows-ARM = Release|Windows-ARM
		Release|Windows-x64 = Release|Windows-x64
		Release|Windows-x86 = Release|Windows-x86
		Release|x64 = Release|x64
		Release|x86 = Release|x86
	EndGlobalSection
	GlobalSection(ProjectConfigurationPlatforms) = postSolution
		{6777E3E7-DCF3-4F91-9077-D896B63E3FEE}.Ad-Hoc|Android.ActiveCfg = Debug|Any CPU
		{6777E3E7-DCF3-4F91-9077-D896B63E3FEE}.Ad-Hoc|Android.Build.0 = Debug|Any CPU
		{6777E3E7-DCF3-4F91-9077-D896B63E3FEE}.Ad-Hoc|Any CPU.ActiveCfg = Release|Any CPU
		{6777E3E7-DCF3-4F91-9077-D896B63E3FEE}.Ad-Hoc|Any CPU.Build.0 = Release|Any CPU
		{6777E3E7-DCF3-4F91-9077-D896B63E3FEE}.Ad-Hoc|ARM.ActiveCfg = Release|Any CPU
		{6777E3E7-DCF3-4F91-9077-D896B63E3FEE}.Ad-Hoc|ARM.Build.0 = Release|Any CPU
		{6777E3E7-DCF3-4F91-9077-D896B63E3FEE}.Ad-Hoc|iOS.ActiveCfg = Debug|Any CPU
		{6777E3E7-DCF3-4F91-9077-D896B63E3FEE}.Ad-Hoc|iOS.Build.0 = Debug|Any CPU
		{6777E3E7-DCF3-4F91-9077-D896B63E3FEE}.Ad-Hoc|iPhone.ActiveCfg = Release|Any CPU
		{6777E3E7-DCF3-4F91-9077-D896B63E3FEE}.Ad-Hoc|iPhone.Build.0 = Release|Any CPU
		{6777E3E7-DCF3-4F91-9077-D896B63E3FEE}.Ad-Hoc|iPhoneSimulator.ActiveCfg = Release|Any CPU
		{6777E3E7-DCF3-4F91-9077-D896B63E3FEE}.Ad-Hoc|iPhoneSimulator.Build.0 = Release|Any CPU
		{6777E3E7-DCF3-4F91-9077-D896B63E3FEE}.Ad-Hoc|Windows-ARM.ActiveCfg = Debug|Any CPU
		{6777E3E7-DCF3-4F91-9077-D896B63E3FEE}.Ad-Hoc|Windows-ARM.Build.0 = Debug|Any CPU
		{6777E3E7-DCF3-4F91-9077-D896B63E3FEE}.Ad-Hoc|Windows-x64.ActiveCfg = Debug|Any CPU
		{6777E3E7-DCF3-4F91-9077-D896B63E3FEE}.Ad-Hoc|Windows-x64.Build.0 = Debug|Any CPU
		{6777E3E7-DCF3-4F91-9077-D896B63E3FEE}.Ad-Hoc|Windows-x86.ActiveCfg = Debug|Any CPU
		{6777E3E7-DCF3-4F91-9077-D896B63E3FEE}.Ad-Hoc|Windows-x86.Build.0 = Debug|Any CPU
		{6777E3E7-DCF3-4F91-9077-D896B63E3FEE}.Ad-Hoc|x64.ActiveCfg = Release|Any CPU
		{6777E3E7-DCF3-4F91-9077-D896B63E3FEE}.Ad-Hoc|x64.Build.0 = Release|Any CPU
		{6777E3E7-DCF3-4F91-9077-D896B63E3FEE}.Ad-Hoc|x86.ActiveCfg = Release|Any CPU
		{6777E3E7-DCF3-4F91-9077-D896B63E3FEE}.Ad-Hoc|x86.Build.0 = Release|Any CPU
		{6777E3E7-DCF3-4F91-9077-D896B63E3FEE}.AppStore|Android.ActiveCfg = Debug|Any CPU
		{6777E3E7-DCF3-4F91-9077-D896B63E3FEE}.AppStore|Android.Build.0 = Debug|Any CPU
		{6777E3E7-DCF3-4F91-9077-D896B63E3FEE}.AppStore|Any CPU.ActiveCfg = Release|Any CPU
		{6777E3E7-DCF3-4F91-9077-D896B63E3FEE}.AppStore|Any CPU.Build.0 = Release|Any CPU
		{6777E3E7-DCF3-4F91-9077-D896B63E3FEE}.AppStore|ARM.ActiveCfg = Release|Any CPU
		{6777E3E7-DCF3-4F91-9077-D896B63E3FEE}.AppStore|ARM.Build.0 = Release|Any CPU
		{6777E3E7-DCF3-4F91-9077-D896B63E3FEE}.AppStore|iOS.ActiveCfg = Debug|Any CPU
		{6777E3E7-DCF3-4F91-9077-D896B63E3FEE}.AppStore|iOS.Build.0 = Debug|Any CPU
		{6777E3E7-DCF3-4F91-9077-D896B63E3FEE}.AppStore|iPhone.ActiveCfg = Release|Any CPU
		{6777E3E7-DCF3-4F91-9077-D896B63E3FEE}.AppStore|iPhone.Build.0 = Release|Any CPU
		{6777E3E7-DCF3-4F91-9077-D896B63E3FEE}.AppStore|iPhoneSimulator.ActiveCfg = Release|Any CPU
		{6777E3E7-DCF3-4F91-9077-D896B63E3FEE}.AppStore|iPhoneSimulator.Build.0 = Release|Any CPU
		{6777E3E7-DCF3-4F91-9077-D896B63E3FEE}.AppStore|Windows-ARM.ActiveCfg = Debug|Any CPU
		{6777E3E7-DCF3-4F91-9077-D896B63E3FEE}.AppStore|Windows-ARM.Build.0 = Debug|Any CPU
		{6777E3E7-DCF3-4F91-9077-D896B63E3FEE}.AppStore|Windows-x64.ActiveCfg = Debug|Any CPU
		{6777E3E7-DCF3-4F91-9077-D896B63E3FEE}.AppStore|Windows-x64.Build.0 = Debug|Any CPU
		{6777E3E7-DCF3-4F91-9077-D896B63E3FEE}.AppStore|Windows-x86.ActiveCfg = Debug|Any CPU
		{6777E3E7-DCF3-4F91-9077-D896B63E3FEE}.AppStore|Windows-x86.Build.0 = Debug|Any CPU
		{6777E3E7-DCF3-4F91-9077-D896B63E3FEE}.AppStore|x64.ActiveCfg = Release|Any CPU
		{6777E3E7-DCF3-4F91-9077-D896B63E3FEE}.AppStore|x64.Build.0 = Release|Any CPU
		{6777E3E7-DCF3-4F91-9077-D896B63E3FEE}.AppStore|x86.ActiveCfg = Release|Any CPU
		{6777E3E7-DCF3-4F91-9077-D896B63E3FEE}.AppStore|x86.Build.0 = Release|Any CPU
		{6777E3E7-DCF3-4F91-9077-D896B63E3FEE}.Debug|Android.ActiveCfg = Debug|Any CPU
		{6777E3E7-DCF3-4F91-9077-D896B63E3FEE}.Debug|Android.Build.0 = Debug|Any CPU
		{6777E3E7-DCF3-4F91-9077-D896B63E3FEE}.Debug|Any CPU.ActiveCfg = Debug|Any CPU
		{6777E3E7-DCF3-4F91-9077-D896B63E3FEE}.Debug|Any CPU.Build.0 = Debug|Any CPU
		{6777E3E7-DCF3-4F91-9077-D896B63E3FEE}.Debug|ARM.ActiveCfg = Debug|Any CPU
		{6777E3E7-DCF3-4F91-9077-D896B63E3FEE}.Debug|ARM.Build.0 = Debug|Any CPU
		{6777E3E7-DCF3-4F91-9077-D896B63E3FEE}.Debug|iOS.ActiveCfg = Debug|Any CPU
		{6777E3E7-DCF3-4F91-9077-D896B63E3FEE}.Debug|iOS.Build.0 = Debug|Any CPU
		{6777E3E7-DCF3-4F91-9077-D896B63E3FEE}.Debug|iPhone.ActiveCfg = Debug|Any CPU
		{6777E3E7-DCF3-4F91-9077-D896B63E3FEE}.Debug|iPhone.Build.0 = Debug|Any CPU
		{6777E3E7-DCF3-4F91-9077-D896B63E3FEE}.Debug|iPhoneSimulator.ActiveCfg = Debug|Any CPU
		{6777E3E7-DCF3-4F91-9077-D896B63E3FEE}.Debug|iPhoneSimulator.Build.0 = Debug|Any CPU
		{6777E3E7-DCF3-4F91-9077-D896B63E3FEE}.Debug|Windows-ARM.ActiveCfg = Debug|Any CPU
		{6777E3E7-DCF3-4F91-9077-D896B63E3FEE}.Debug|Windows-ARM.Build.0 = Debug|Any CPU
		{6777E3E7-DCF3-4F91-9077-D896B63E3FEE}.Debug|Windows-x64.ActiveCfg = Debug|Any CPU
		{6777E3E7-DCF3-4F91-9077-D896B63E3FEE}.Debug|Windows-x64.Build.0 = Debug|Any CPU
		{6777E3E7-DCF3-4F91-9077-D896B63E3FEE}.Debug|Windows-x86.ActiveCfg = Debug|Any CPU
		{6777E3E7-DCF3-4F91-9077-D896B63E3FEE}.Debug|Windows-x86.Build.0 = Debug|Any CPU
		{6777E3E7-DCF3-4F91-9077-D896B63E3FEE}.Debug|x64.ActiveCfg = Debug|Any CPU
		{6777E3E7-DCF3-4F91-9077-D896B63E3FEE}.Debug|x64.Build.0 = Debug|Any CPU
		{6777E3E7-DCF3-4F91-9077-D896B63E3FEE}.Debug|x86.ActiveCfg = Debug|Any CPU
		{6777E3E7-DCF3-4F91-9077-D896B63E3FEE}.Debug|x86.Build.0 = Debug|Any CPU
		{6777E3E7-DCF3-4F91-9077-D896B63E3FEE}.Release|Android.ActiveCfg = Release|Any CPU
		{6777E3E7-DCF3-4F91-9077-D896B63E3FEE}.Release|Android.Build.0 = Release|Any CPU
		{6777E3E7-DCF3-4F91-9077-D896B63E3FEE}.Release|Any CPU.ActiveCfg = Release|Any CPU
		{6777E3E7-DCF3-4F91-9077-D896B63E3FEE}.Release|Any CPU.Build.0 = Release|Any CPU
		{6777E3E7-DCF3-4F91-9077-D896B63E3FEE}.Release|ARM.ActiveCfg = Release|Any CPU
		{6777E3E7-DCF3-4F91-9077-D896B63E3FEE}.Release|ARM.Build.0 = Release|Any CPU
		{6777E3E7-DCF3-4F91-9077-D896B63E3FEE}.Release|iOS.ActiveCfg = Release|Any CPU
		{6777E3E7-DCF3-4F91-9077-D896B63E3FEE}.Release|iOS.Build.0 = Release|Any CPU
		{6777E3E7-DCF3-4F91-9077-D896B63E3FEE}.Release|iPhone.ActiveCfg = Release|Any CPU
		{6777E3E7-DCF3-4F91-9077-D896B63E3FEE}.Release|iPhone.Build.0 = Release|Any CPU
		{6777E3E7-DCF3-4F91-9077-D896B63E3FEE}.Release|iPhoneSimulator.ActiveCfg = Release|Any CPU
		{6777E3E7-DCF3-4F91-9077-D896B63E3FEE}.Release|iPhoneSimulator.Build.0 = Release|Any CPU
		{6777E3E7-DCF3-4F91-9077-D896B63E3FEE}.Release|Windows-ARM.ActiveCfg = Release|Any CPU
		{6777E3E7-DCF3-4F91-9077-D896B63E3FEE}.Release|Windows-ARM.Build.0 = Release|Any CPU
		{6777E3E7-DCF3-4F91-9077-D896B63E3FEE}.Release|Windows-x64.ActiveCfg = Release|Any CPU
		{6777E3E7-DCF3-4F91-9077-D896B63E3FEE}.Release|Windows-x64.Build.0 = Release|Any CPU
		{6777E3E7-DCF3-4F91-9077-D896B63E3FEE}.Release|Windows-x86.ActiveCfg = Release|Any CPU
		{6777E3E7-DCF3-4F91-9077-D896B63E3FEE}.Release|Windows-x86.Build.0 = Release|Any CPU
		{6777E3E7-DCF3-4F91-9077-D896B63E3FEE}.Release|x64.ActiveCfg = Release|Any CPU
		{6777E3E7-DCF3-4F91-9077-D896B63E3FEE}.Release|x64.Build.0 = Release|Any CPU
		{6777E3E7-DCF3-4F91-9077-D896B63E3FEE}.Release|x86.ActiveCfg = Release|Any CPU
		{6777E3E7-DCF3-4F91-9077-D896B63E3FEE}.Release|x86.Build.0 = Release|Any CPU
		{BAA1FC3D-F484-464F-ABE2-DC83A4E07043}.Ad-Hoc|Android.ActiveCfg = Debug|Any CPU
		{BAA1FC3D-F484-464F-ABE2-DC83A4E07043}.Ad-Hoc|Android.Build.0 = Debug|Any CPU
		{BAA1FC3D-F484-464F-ABE2-DC83A4E07043}.Ad-Hoc|Any CPU.ActiveCfg = Release|Any CPU
		{BAA1FC3D-F484-464F-ABE2-DC83A4E07043}.Ad-Hoc|Any CPU.Build.0 = Release|Any CPU
		{BAA1FC3D-F484-464F-ABE2-DC83A4E07043}.Ad-Hoc|ARM.ActiveCfg = Release|Any CPU
		{BAA1FC3D-F484-464F-ABE2-DC83A4E07043}.Ad-Hoc|ARM.Build.0 = Release|Any CPU
		{BAA1FC3D-F484-464F-ABE2-DC83A4E07043}.Ad-Hoc|iOS.ActiveCfg = Debug|Any CPU
		{BAA1FC3D-F484-464F-ABE2-DC83A4E07043}.Ad-Hoc|iOS.Build.0 = Debug|Any CPU
		{BAA1FC3D-F484-464F-ABE2-DC83A4E07043}.Ad-Hoc|iPhone.ActiveCfg = Release|Any CPU
		{BAA1FC3D-F484-464F-ABE2-DC83A4E07043}.Ad-Hoc|iPhone.Build.0 = Release|Any CPU
		{BAA1FC3D-F484-464F-ABE2-DC83A4E07043}.Ad-Hoc|iPhoneSimulator.ActiveCfg = Release|Any CPU
		{BAA1FC3D-F484-464F-ABE2-DC83A4E07043}.Ad-Hoc|iPhoneSimulator.Build.0 = Release|Any CPU
		{BAA1FC3D-F484-464F-ABE2-DC83A4E07043}.Ad-Hoc|Windows-ARM.ActiveCfg = Debug|Any CPU
		{BAA1FC3D-F484-464F-ABE2-DC83A4E07043}.Ad-Hoc|Windows-ARM.Build.0 = Debug|Any CPU
		{BAA1FC3D-F484-464F-ABE2-DC83A4E07043}.Ad-Hoc|Windows-x64.ActiveCfg = Debug|Any CPU
		{BAA1FC3D-F484-464F-ABE2-DC83A4E07043}.Ad-Hoc|Windows-x64.Build.0 = Debug|Any CPU
		{BAA1FC3D-F484-464F-ABE2-DC83A4E07043}.Ad-Hoc|Windows-x86.ActiveCfg = Debug|Any CPU
		{BAA1FC3D-F484-464F-ABE2-DC83A4E07043}.Ad-Hoc|Windows-x86.Build.0 = Debug|Any CPU
		{BAA1FC3D-F484-464F-ABE2-DC83A4E07043}.Ad-Hoc|x64.ActiveCfg = Release|Any CPU
		{BAA1FC3D-F484-464F-ABE2-DC83A4E07043}.Ad-Hoc|x64.Build.0 = Release|Any CPU
		{BAA1FC3D-F484-464F-ABE2-DC83A4E07043}.Ad-Hoc|x86.ActiveCfg = Release|Any CPU
		{BAA1FC3D-F484-464F-ABE2-DC83A4E07043}.Ad-Hoc|x86.Build.0 = Release|Any CPU
		{BAA1FC3D-F484-464F-ABE2-DC83A4E07043}.AppStore|Android.ActiveCfg = Debug|Any CPU
		{BAA1FC3D-F484-464F-ABE2-DC83A4E07043}.AppStore|Android.Build.0 = Debug|Any CPU
		{BAA1FC3D-F484-464F-ABE2-DC83A4E07043}.AppStore|Any CPU.ActiveCfg = Release|Any CPU
		{BAA1FC3D-F484-464F-ABE2-DC83A4E07043}.AppStore|Any CPU.Build.0 = Release|Any CPU
		{BAA1FC3D-F484-464F-ABE2-DC83A4E07043}.AppStore|ARM.ActiveCfg = Release|Any CPU
		{BAA1FC3D-F484-464F-ABE2-DC83A4E07043}.AppStore|ARM.Build.0 = Release|Any CPU
		{BAA1FC3D-F484-464F-ABE2-DC83A4E07043}.AppStore|iOS.ActiveCfg = Debug|Any CPU
		{BAA1FC3D-F484-464F-ABE2-DC83A4E07043}.AppStore|iOS.Build.0 = Debug|Any CPU
		{BAA1FC3D-F484-464F-ABE2-DC83A4E07043}.AppStore|iPhone.ActiveCfg = Release|Any CPU
		{BAA1FC3D-F484-464F-ABE2-DC83A4E07043}.AppStore|iPhone.Build.0 = Release|Any CPU
		{BAA1FC3D-F484-464F-ABE2-DC83A4E07043}.AppStore|iPhoneSimulator.ActiveCfg = Release|Any CPU
		{BAA1FC3D-F484-464F-ABE2-DC83A4E07043}.AppStore|iPhoneSimulator.Build.0 = Release|Any CPU
		{BAA1FC3D-F484-464F-ABE2-DC83A4E07043}.AppStore|Windows-ARM.ActiveCfg = Debug|Any CPU
		{BAA1FC3D-F484-464F-ABE2-DC83A4E07043}.AppStore|Windows-ARM.Build.0 = Debug|Any CPU
		{BAA1FC3D-F484-464F-ABE2-DC83A4E07043}.AppStore|Windows-x64.ActiveCfg = Debug|Any CPU
		{BAA1FC3D-F484-464F-ABE2-DC83A4E07043}.AppStore|Windows-x64.Build.0 = Debug|Any CPU
		{BAA1FC3D-F484-464F-ABE2-DC83A4E07043}.AppStore|Windows-x86.ActiveCfg = Debug|Any CPU
		{BAA1FC3D-F484-464F-ABE2-DC83A4E07043}.AppStore|Windows-x86.Build.0 = Debug|Any CPU
		{BAA1FC3D-F484-464F-ABE2-DC83A4E07043}.AppStore|x64.ActiveCfg = Release|Any CPU
		{BAA1FC3D-F484-464F-ABE2-DC83A4E07043}.AppStore|x64.Build.0 = Release|Any CPU
		{BAA1FC3D-F484-464F-ABE2-DC83A4E07043}.AppStore|x86.ActiveCfg = Release|Any CPU
		{BAA1FC3D-F484-464F-ABE2-DC83A4E07043}.AppStore|x86.Build.0 = Release|Any CPU
		{BAA1FC3D-F484-464F-ABE2-DC83A4E07043}.Debug|Android.ActiveCfg = Debug|Any CPU
		{BAA1FC3D-F484-464F-ABE2-DC83A4E07043}.Debug|Android.Build.0 = Debug|Any CPU
		{BAA1FC3D-F484-464F-ABE2-DC83A4E07043}.Debug|Any CPU.ActiveCfg = Debug|Any CPU
		{BAA1FC3D-F484-464F-ABE2-DC83A4E07043}.Debug|Any CPU.Build.0 = Debug|Any CPU
		{BAA1FC3D-F484-464F-ABE2-DC83A4E07043}.Debug|ARM.ActiveCfg = Debug|Any CPU
		{BAA1FC3D-F484-464F-ABE2-DC83A4E07043}.Debug|ARM.Build.0 = Debug|Any CPU
		{BAA1FC3D-F484-464F-ABE2-DC83A4E07043}.Debug|iOS.ActiveCfg = Debug|Any CPU
		{BAA1FC3D-F484-464F-ABE2-DC83A4E07043}.Debug|iOS.Build.0 = Debug|Any CPU
		{BAA1FC3D-F484-464F-ABE2-DC83A4E07043}.Debug|iPhone.ActiveCfg = Debug|Any CPU
		{BAA1FC3D-F484-464F-ABE2-DC83A4E07043}.Debug|iPhone.Build.0 = Debug|Any CPU
		{BAA1FC3D-F484-464F-ABE2-DC83A4E07043}.Debug|iPhoneSimulator.ActiveCfg = Debug|Any CPU
		{BAA1FC3D-F484-464F-ABE2-DC83A4E07043}.Debug|iPhoneSimulator.Build.0 = Debug|Any CPU
		{BAA1FC3D-F484-464F-ABE2-DC83A4E07043}.Debug|Windows-ARM.ActiveCfg = Debug|Any CPU
		{BAA1FC3D-F484-464F-ABE2-DC83A4E07043}.Debug|Windows-ARM.Build.0 = Debug|Any CPU
		{BAA1FC3D-F484-464F-ABE2-DC83A4E07043}.Debug|Windows-x64.ActiveCfg = Debug|Any CPU
		{BAA1FC3D-F484-464F-ABE2-DC83A4E07043}.Debug|Windows-x64.Build.0 = Debug|Any CPU
		{BAA1FC3D-F484-464F-ABE2-DC83A4E07043}.Debug|Windows-x86.ActiveCfg = Debug|Any CPU
		{BAA1FC3D-F484-464F-ABE2-DC83A4E07043}.Debug|Windows-x86.Build.0 = Debug|Any CPU
		{BAA1FC3D-F484-464F-ABE2-DC83A4E07043}.Debug|x64.ActiveCfg = Debug|Any CPU
		{BAA1FC3D-F484-464F-ABE2-DC83A4E07043}.Debug|x64.Build.0 = Debug|Any CPU
		{BAA1FC3D-F484-464F-ABE2-DC83A4E07043}.Debug|x86.ActiveCfg = Debug|Any CPU
		{BAA1FC3D-F484-464F-ABE2-DC83A4E07043}.Debug|x86.Build.0 = Debug|Any CPU
		{BAA1FC3D-F484-464F-ABE2-DC83A4E07043}.Release|Android.ActiveCfg = Release|Any CPU
		{BAA1FC3D-F484-464F-ABE2-DC83A4E07043}.Release|Android.Build.0 = Release|Any CPU
		{BAA1FC3D-F484-464F-ABE2-DC83A4E07043}.Release|Any CPU.ActiveCfg = Release|Any CPU
		{BAA1FC3D-F484-464F-ABE2-DC83A4E07043}.Release|Any CPU.Build.0 = Release|Any CPU
		{BAA1FC3D-F484-464F-ABE2-DC83A4E07043}.Release|ARM.ActiveCfg = Release|Any CPU
		{BAA1FC3D-F484-464F-ABE2-DC83A4E07043}.Release|ARM.Build.0 = Release|Any CPU
		{BAA1FC3D-F484-464F-ABE2-DC83A4E07043}.Release|iOS.ActiveCfg = Release|Any CPU
		{BAA1FC3D-F484-464F-ABE2-DC83A4E07043}.Release|iOS.Build.0 = Release|Any CPU
		{BAA1FC3D-F484-464F-ABE2-DC83A4E07043}.Release|iPhone.ActiveCfg = Release|Any CPU
		{BAA1FC3D-F484-464F-ABE2-DC83A4E07043}.Release|iPhone.Build.0 = Release|Any CPU
		{BAA1FC3D-F484-464F-ABE2-DC83A4E07043}.Release|iPhoneSimulator.ActiveCfg = Release|Any CPU
		{BAA1FC3D-F484-464F-ABE2-DC83A4E07043}.Release|iPhoneSimulator.Build.0 = Release|Any CPU
		{BAA1FC3D-F484-464F-ABE2-DC83A4E07043}.Release|Windows-ARM.ActiveCfg = Release|Any CPU
		{BAA1FC3D-F484-464F-ABE2-DC83A4E07043}.Release|Windows-ARM.Build.0 = Release|Any CPU
		{BAA1FC3D-F484-464F-ABE2-DC83A4E07043}.Release|Windows-x64.ActiveCfg = Release|Any CPU
		{BAA1FC3D-F484-464F-ABE2-DC83A4E07043}.Release|Windows-x64.Build.0 = Release|Any CPU
		{BAA1FC3D-F484-464F-ABE2-DC83A4E07043}.Release|Windows-x86.ActiveCfg = Release|Any CPU
		{BAA1FC3D-F484-464F-ABE2-DC83A4E07043}.Release|Windows-x86.Build.0 = Release|Any CPU
		{BAA1FC3D-F484-464F-ABE2-DC83A4E07043}.Release|x64.ActiveCfg = Release|Any CPU
		{BAA1FC3D-F484-464F-ABE2-DC83A4E07043}.Release|x64.Build.0 = Release|Any CPU
		{BAA1FC3D-F484-464F-ABE2-DC83A4E07043}.Release|x86.ActiveCfg = Release|Any CPU
		{BAA1FC3D-F484-464F-ABE2-DC83A4E07043}.Release|x86.Build.0 = Release|Any CPU
		{E9A30552-D29B-4933-B9F0-72B439903CAF}.Ad-Hoc|Android.ActiveCfg = Debug|Any CPU
		{E9A30552-D29B-4933-B9F0-72B439903CAF}.Ad-Hoc|Android.Build.0 = Debug|Any CPU
		{E9A30552-D29B-4933-B9F0-72B439903CAF}.Ad-Hoc|Any CPU.ActiveCfg = Debug|Any CPU
		{E9A30552-D29B-4933-B9F0-72B439903CAF}.Ad-Hoc|Any CPU.Build.0 = Debug|Any CPU
		{E9A30552-D29B-4933-B9F0-72B439903CAF}.Ad-Hoc|ARM.ActiveCfg = Debug|Any CPU
		{E9A30552-D29B-4933-B9F0-72B439903CAF}.Ad-Hoc|ARM.Build.0 = Debug|Any CPU
		{E9A30552-D29B-4933-B9F0-72B439903CAF}.Ad-Hoc|iOS.ActiveCfg = Debug|Any CPU
		{E9A30552-D29B-4933-B9F0-72B439903CAF}.Ad-Hoc|iOS.Build.0 = Debug|Any CPU
		{E9A30552-D29B-4933-B9F0-72B439903CAF}.Ad-Hoc|iPhone.ActiveCfg = Debug|Any CPU
		{E9A30552-D29B-4933-B9F0-72B439903CAF}.Ad-Hoc|iPhone.Build.0 = Debug|Any CPU
		{E9A30552-D29B-4933-B9F0-72B439903CAF}.Ad-Hoc|iPhoneSimulator.ActiveCfg = Debug|Any CPU
		{E9A30552-D29B-4933-B9F0-72B439903CAF}.Ad-Hoc|iPhoneSimulator.Build.0 = Debug|Any CPU
		{E9A30552-D29B-4933-B9F0-72B439903CAF}.Ad-Hoc|Windows-ARM.ActiveCfg = Debug|Any CPU
		{E9A30552-D29B-4933-B9F0-72B439903CAF}.Ad-Hoc|Windows-ARM.Build.0 = Debug|Any CPU
		{E9A30552-D29B-4933-B9F0-72B439903CAF}.Ad-Hoc|Windows-x64.ActiveCfg = Debug|Any CPU
		{E9A30552-D29B-4933-B9F0-72B439903CAF}.Ad-Hoc|Windows-x64.Build.0 = Debug|Any CPU
		{E9A30552-D29B-4933-B9F0-72B439903CAF}.Ad-Hoc|Windows-x86.ActiveCfg = Debug|Any CPU
		{E9A30552-D29B-4933-B9F0-72B439903CAF}.Ad-Hoc|Windows-x86.Build.0 = Debug|Any CPU
		{E9A30552-D29B-4933-B9F0-72B439903CAF}.Ad-Hoc|x64.ActiveCfg = Debug|Any CPU
		{E9A30552-D29B-4933-B9F0-72B439903CAF}.Ad-Hoc|x64.Build.0 = Debug|Any CPU
		{E9A30552-D29B-4933-B9F0-72B439903CAF}.Ad-Hoc|x86.ActiveCfg = Debug|Any CPU
		{E9A30552-D29B-4933-B9F0-72B439903CAF}.Ad-Hoc|x86.Build.0 = Debug|Any CPU
		{E9A30552-D29B-4933-B9F0-72B439903CAF}.AppStore|Android.ActiveCfg = Debug|Any CPU
		{E9A30552-D29B-4933-B9F0-72B439903CAF}.AppStore|Android.Build.0 = Debug|Any CPU
		{E9A30552-D29B-4933-B9F0-72B439903CAF}.AppStore|Any CPU.ActiveCfg = Debug|Any CPU
		{E9A30552-D29B-4933-B9F0-72B439903CAF}.AppStore|Any CPU.Build.0 = Debug|Any CPU
		{E9A30552-D29B-4933-B9F0-72B439903CAF}.AppStore|ARM.ActiveCfg = Debug|Any CPU
		{E9A30552-D29B-4933-B9F0-72B439903CAF}.AppStore|ARM.Build.0 = Debug|Any CPU
		{E9A30552-D29B-4933-B9F0-72B439903CAF}.AppStore|iOS.ActiveCfg = Debug|Any CPU
		{E9A30552-D29B-4933-B9F0-72B439903CAF}.AppStore|iOS.Build.0 = Debug|Any CPU
		{E9A30552-D29B-4933-B9F0-72B439903CAF}.AppStore|iPhone.ActiveCfg = Debug|Any CPU
		{E9A30552-D29B-4933-B9F0-72B439903CAF}.AppStore|iPhone.Build.0 = Debug|Any CPU
		{E9A30552-D29B-4933-B9F0-72B439903CAF}.AppStore|iPhoneSimulator.ActiveCfg = Debug|Any CPU
		{E9A30552-D29B-4933-B9F0-72B439903CAF}.AppStore|iPhoneSimulator.Build.0 = Debug|Any CPU
		{E9A30552-D29B-4933-B9F0-72B439903CAF}.AppStore|Windows-ARM.ActiveCfg = Debug|Any CPU
		{E9A30552-D29B-4933-B9F0-72B439903CAF}.AppStore|Windows-ARM.Build.0 = Debug|Any CPU
		{E9A30552-D29B-4933-B9F0-72B439903CAF}.AppStore|Windows-x64.ActiveCfg = Debug|Any CPU
		{E9A30552-D29B-4933-B9F0-72B439903CAF}.AppStore|Windows-x64.Build.0 = Debug|Any CPU
		{E9A30552-D29B-4933-B9F0-72B439903CAF}.AppStore|Windows-x86.ActiveCfg = Debug|Any CPU
		{E9A30552-D29B-4933-B9F0-72B439903CAF}.AppStore|Windows-x86.Build.0 = Debug|Any CPU
		{E9A30552-D29B-4933-B9F0-72B439903CAF}.AppStore|x64.ActiveCfg = Debug|Any CPU
		{E9A30552-D29B-4933-B9F0-72B439903CAF}.AppStore|x64.Build.0 = Debug|Any CPU
		{E9A30552-D29B-4933-B9F0-72B439903CAF}.AppStore|x86.ActiveCfg = Debug|Any CPU
		{E9A30552-D29B-4933-B9F0-72B439903CAF}.AppStore|x86.Build.0 = Debug|Any CPU
		{E9A30552-D29B-4933-B9F0-72B439903CAF}.Debug|Android.ActiveCfg = Debug|Any CPU
		{E9A30552-D29B-4933-B9F0-72B439903CAF}.Debug|Android.Build.0 = Debug|Any CPU
		{E9A30552-D29B-4933-B9F0-72B439903CAF}.Debug|Any CPU.ActiveCfg = Debug|Any CPU
		{E9A30552-D29B-4933-B9F0-72B439903CAF}.Debug|ARM.ActiveCfg = Debug|Any CPU
		{E9A30552-D29B-4933-B9F0-72B439903CAF}.Debug|ARM.Build.0 = Debug|Any CPU
		{E9A30552-D29B-4933-B9F0-72B439903CAF}.Debug|iOS.ActiveCfg = Debug|Any CPU
		{E9A30552-D29B-4933-B9F0-72B439903CAF}.Debug|iOS.Build.0 = Debug|Any CPU
		{E9A30552-D29B-4933-B9F0-72B439903CAF}.Debug|iPhone.ActiveCfg = Debug|Any CPU
		{E9A30552-D29B-4933-B9F0-72B439903CAF}.Debug|iPhone.Build.0 = Debug|Any CPU
		{E9A30552-D29B-4933-B9F0-72B439903CAF}.Debug|iPhoneSimulator.ActiveCfg = Debug|Any CPU
		{E9A30552-D29B-4933-B9F0-72B439903CAF}.Debug|iPhoneSimulator.Build.0 = Debug|Any CPU
		{E9A30552-D29B-4933-B9F0-72B439903CAF}.Debug|Windows-ARM.ActiveCfg = Debug|Any CPU
		{E9A30552-D29B-4933-B9F0-72B439903CAF}.Debug|Windows-ARM.Build.0 = Debug|Any CPU
		{E9A30552-D29B-4933-B9F0-72B439903CAF}.Debug|Windows-x64.ActiveCfg = Debug|Any CPU
		{E9A30552-D29B-4933-B9F0-72B439903CAF}.Debug|Windows-x64.Build.0 = Debug|Any CPU
		{E9A30552-D29B-4933-B9F0-72B439903CAF}.Debug|Windows-x86.ActiveCfg = Debug|Any CPU
		{E9A30552-D29B-4933-B9F0-72B439903CAF}.Debug|Windows-x86.Build.0 = Debug|Any CPU
		{E9A30552-D29B-4933-B9F0-72B439903CAF}.Debug|x64.ActiveCfg = Debug|Any CPU
		{E9A30552-D29B-4933-B9F0-72B439903CAF}.Debug|x64.Build.0 = Debug|Any CPU
		{E9A30552-D29B-4933-B9F0-72B439903CAF}.Debug|x86.ActiveCfg = Debug|Any CPU
		{E9A30552-D29B-4933-B9F0-72B439903CAF}.Debug|x86.Build.0 = Debug|Any CPU
		{E9A30552-D29B-4933-B9F0-72B439903CAF}.Release|Android.ActiveCfg = Debug|Any CPU
		{E9A30552-D29B-4933-B9F0-72B439903CAF}.Release|Android.Build.0 = Debug|Any CPU
		{E9A30552-D29B-4933-B9F0-72B439903CAF}.Release|Any CPU.ActiveCfg = Debug|Any CPU
		{E9A30552-D29B-4933-B9F0-72B439903CAF}.Release|Any CPU.Build.0 = Debug|Any CPU
		{E9A30552-D29B-4933-B9F0-72B439903CAF}.Release|ARM.ActiveCfg = Debug|Any CPU
		{E9A30552-D29B-4933-B9F0-72B439903CAF}.Release|ARM.Build.0 = Debug|Any CPU
		{E9A30552-D29B-4933-B9F0-72B439903CAF}.Release|iOS.ActiveCfg = Debug|Any CPU
		{E9A30552-D29B-4933-B9F0-72B439903CAF}.Release|iOS.Build.0 = Debug|Any CPU
		{E9A30552-D29B-4933-B9F0-72B439903CAF}.Release|iPhone.ActiveCfg = Debug|Any CPU
		{E9A30552-D29B-4933-B9F0-72B439903CAF}.Release|iPhone.Build.0 = Debug|Any CPU
		{E9A30552-D29B-4933-B9F0-72B439903CAF}.Release|iPhoneSimulator.ActiveCfg = Debug|Any CPU
		{E9A30552-D29B-4933-B9F0-72B439903CAF}.Release|iPhoneSimulator.Build.0 = Debug|Any CPU
		{E9A30552-D29B-4933-B9F0-72B439903CAF}.Release|Windows-ARM.ActiveCfg = Debug|Any CPU
		{E9A30552-D29B-4933-B9F0-72B439903CAF}.Release|Windows-ARM.Build.0 = Debug|Any CPU
		{E9A30552-D29B-4933-B9F0-72B439903CAF}.Release|Windows-x64.ActiveCfg = Debug|Any CPU
		{E9A30552-D29B-4933-B9F0-72B439903CAF}.Release|Windows-x64.Build.0 = Debug|Any CPU
		{E9A30552-D29B-4933-B9F0-72B439903CAF}.Release|Windows-x86.ActiveCfg = Debug|Any CPU
		{E9A30552-D29B-4933-B9F0-72B439903CAF}.Release|Windows-x86.Build.0 = Debug|Any CPU
		{E9A30552-D29B-4933-B9F0-72B439903CAF}.Release|x64.ActiveCfg = Debug|Any CPU
		{E9A30552-D29B-4933-B9F0-72B439903CAF}.Release|x64.Build.0 = Debug|Any CPU
		{E9A30552-D29B-4933-B9F0-72B439903CAF}.Release|x86.ActiveCfg = Debug|Any CPU
		{E9A30552-D29B-4933-B9F0-72B439903CAF}.Release|x86.Build.0 = Debug|Any CPU
		{A5E6D981-BE58-44CB-A625-46E58EE61CAB}.Ad-Hoc|Android.ActiveCfg = Debug|Any CPU
		{A5E6D981-BE58-44CB-A625-46E58EE61CAB}.Ad-Hoc|Android.Build.0 = Debug|Any CPU
		{A5E6D981-BE58-44CB-A625-46E58EE61CAB}.Ad-Hoc|Any CPU.ActiveCfg = Release|Any CPU
		{A5E6D981-BE58-44CB-A625-46E58EE61CAB}.Ad-Hoc|Any CPU.Build.0 = Release|Any CPU
		{A5E6D981-BE58-44CB-A625-46E58EE61CAB}.Ad-Hoc|ARM.ActiveCfg = Release|Any CPU
		{A5E6D981-BE58-44CB-A625-46E58EE61CAB}.Ad-Hoc|ARM.Build.0 = Release|Any CPU
		{A5E6D981-BE58-44CB-A625-46E58EE61CAB}.Ad-Hoc|iOS.ActiveCfg = Debug|Any CPU
		{A5E6D981-BE58-44CB-A625-46E58EE61CAB}.Ad-Hoc|iOS.Build.0 = Debug|Any CPU
		{A5E6D981-BE58-44CB-A625-46E58EE61CAB}.Ad-Hoc|iPhone.ActiveCfg = Release|Any CPU
		{A5E6D981-BE58-44CB-A625-46E58EE61CAB}.Ad-Hoc|iPhone.Build.0 = Release|Any CPU
		{A5E6D981-BE58-44CB-A625-46E58EE61CAB}.Ad-Hoc|iPhoneSimulator.ActiveCfg = Release|Any CPU
		{A5E6D981-BE58-44CB-A625-46E58EE61CAB}.Ad-Hoc|iPhoneSimulator.Build.0 = Release|Any CPU
		{A5E6D981-BE58-44CB-A625-46E58EE61CAB}.Ad-Hoc|Windows-ARM.ActiveCfg = Debug|Any CPU
		{A5E6D981-BE58-44CB-A625-46E58EE61CAB}.Ad-Hoc|Windows-ARM.Build.0 = Debug|Any CPU
		{A5E6D981-BE58-44CB-A625-46E58EE61CAB}.Ad-Hoc|Windows-x64.ActiveCfg = Debug|Any CPU
		{A5E6D981-BE58-44CB-A625-46E58EE61CAB}.Ad-Hoc|Windows-x64.Build.0 = Debug|Any CPU
		{A5E6D981-BE58-44CB-A625-46E58EE61CAB}.Ad-Hoc|Windows-x86.ActiveCfg = Debug|Any CPU
		{A5E6D981-BE58-44CB-A625-46E58EE61CAB}.Ad-Hoc|Windows-x86.Build.0 = Debug|Any CPU
		{A5E6D981-BE58-44CB-A625-46E58EE61CAB}.Ad-Hoc|x64.ActiveCfg = Release|Any CPU
		{A5E6D981-BE58-44CB-A625-46E58EE61CAB}.Ad-Hoc|x64.Build.0 = Release|Any CPU
		{A5E6D981-BE58-44CB-A625-46E58EE61CAB}.Ad-Hoc|x86.ActiveCfg = Release|Any CPU
		{A5E6D981-BE58-44CB-A625-46E58EE61CAB}.Ad-Hoc|x86.Build.0 = Release|Any CPU
		{A5E6D981-BE58-44CB-A625-46E58EE61CAB}.AppStore|Android.ActiveCfg = Debug|Any CPU
		{A5E6D981-BE58-44CB-A625-46E58EE61CAB}.AppStore|Android.Build.0 = Debug|Any CPU
		{A5E6D981-BE58-44CB-A625-46E58EE61CAB}.AppStore|Any CPU.ActiveCfg = Release|Any CPU
		{A5E6D981-BE58-44CB-A625-46E58EE61CAB}.AppStore|Any CPU.Build.0 = Release|Any CPU
		{A5E6D981-BE58-44CB-A625-46E58EE61CAB}.AppStore|ARM.ActiveCfg = Release|Any CPU
		{A5E6D981-BE58-44CB-A625-46E58EE61CAB}.AppStore|ARM.Build.0 = Release|Any CPU
		{A5E6D981-BE58-44CB-A625-46E58EE61CAB}.AppStore|iOS.ActiveCfg = Debug|Any CPU
		{A5E6D981-BE58-44CB-A625-46E58EE61CAB}.AppStore|iOS.Build.0 = Debug|Any CPU
		{A5E6D981-BE58-44CB-A625-46E58EE61CAB}.AppStore|iPhone.ActiveCfg = Release|Any CPU
		{A5E6D981-BE58-44CB-A625-46E58EE61CAB}.AppStore|iPhone.Build.0 = Release|Any CPU
		{A5E6D981-BE58-44CB-A625-46E58EE61CAB}.AppStore|iPhoneSimulator.ActiveCfg = Release|Any CPU
		{A5E6D981-BE58-44CB-A625-46E58EE61CAB}.AppStore|iPhoneSimulator.Build.0 = Release|Any CPU
		{A5E6D981-BE58-44CB-A625-46E58EE61CAB}.AppStore|Windows-ARM.ActiveCfg = Debug|Any CPU
		{A5E6D981-BE58-44CB-A625-46E58EE61CAB}.AppStore|Windows-ARM.Build.0 = Debug|Any CPU
		{A5E6D981-BE58-44CB-A625-46E58EE61CAB}.AppStore|Windows-x64.ActiveCfg = Debug|Any CPU
		{A5E6D981-BE58-44CB-A625-46E58EE61CAB}.AppStore|Windows-x64.Build.0 = Debug|Any CPU
		{A5E6D981-BE58-44CB-A625-46E58EE61CAB}.AppStore|Windows-x86.ActiveCfg = Debug|Any CPU
		{A5E6D981-BE58-44CB-A625-46E58EE61CAB}.AppStore|Windows-x86.Build.0 = Debug|Any CPU
		{A5E6D981-BE58-44CB-A625-46E58EE61CAB}.AppStore|x64.ActiveCfg = Release|Any CPU
		{A5E6D981-BE58-44CB-A625-46E58EE61CAB}.AppStore|x64.Build.0 = Release|Any CPU
		{A5E6D981-BE58-44CB-A625-46E58EE61CAB}.AppStore|x86.ActiveCfg = Release|Any CPU
		{A5E6D981-BE58-44CB-A625-46E58EE61CAB}.AppStore|x86.Build.0 = Release|Any CPU
		{A5E6D981-BE58-44CB-A625-46E58EE61CAB}.Debug|Android.ActiveCfg = Debug|Any CPU
		{A5E6D981-BE58-44CB-A625-46E58EE61CAB}.Debug|Android.Build.0 = Debug|Any CPU
		{A5E6D981-BE58-44CB-A625-46E58EE61CAB}.Debug|Any CPU.ActiveCfg = Debug|Any CPU
		{A5E6D981-BE58-44CB-A625-46E58EE61CAB}.Debug|Any CPU.Build.0 = Debug|Any CPU
		{A5E6D981-BE58-44CB-A625-46E58EE61CAB}.Debug|ARM.ActiveCfg = Debug|Any CPU
		{A5E6D981-BE58-44CB-A625-46E58EE61CAB}.Debug|ARM.Build.0 = Debug|Any CPU
		{A5E6D981-BE58-44CB-A625-46E58EE61CAB}.Debug|iOS.ActiveCfg = Debug|Any CPU
		{A5E6D981-BE58-44CB-A625-46E58EE61CAB}.Debug|iOS.Build.0 = Debug|Any CPU
		{A5E6D981-BE58-44CB-A625-46E58EE61CAB}.Debug|iPhone.ActiveCfg = Debug|Any CPU
		{A5E6D981-BE58-44CB-A625-46E58EE61CAB}.Debug|iPhone.Build.0 = Debug|Any CPU
		{A5E6D981-BE58-44CB-A625-46E58EE61CAB}.Debug|iPhoneSimulator.ActiveCfg = Debug|Any CPU
		{A5E6D981-BE58-44CB-A625-46E58EE61CAB}.Debug|iPhoneSimulator.Build.0 = Debug|Any CPU
		{A5E6D981-BE58-44CB-A625-46E58EE61CAB}.Debug|Windows-ARM.ActiveCfg = Debug|Any CPU
		{A5E6D981-BE58-44CB-A625-46E58EE61CAB}.Debug|Windows-ARM.Build.0 = Debug|Any CPU
		{A5E6D981-BE58-44CB-A625-46E58EE61CAB}.Debug|Windows-x64.ActiveCfg = Debug|Any CPU
		{A5E6D981-BE58-44CB-A625-46E58EE61CAB}.Debug|Windows-x64.Build.0 = Debug|Any CPU
		{A5E6D981-BE58-44CB-A625-46E58EE61CAB}.Debug|Windows-x86.ActiveCfg = Debug|Any CPU
		{A5E6D981-BE58-44CB-A625-46E58EE61CAB}.Debug|Windows-x86.Build.0 = Debug|Any CPU
		{A5E6D981-BE58-44CB-A625-46E58EE61CAB}.Debug|x64.ActiveCfg = Debug|Any CPU
		{A5E6D981-BE58-44CB-A625-46E58EE61CAB}.Debug|x64.Build.0 = Debug|Any CPU
		{A5E6D981-BE58-44CB-A625-46E58EE61CAB}.Debug|x86.ActiveCfg = Debug|Any CPU
		{A5E6D981-BE58-44CB-A625-46E58EE61CAB}.Debug|x86.Build.0 = Debug|Any CPU
		{A5E6D981-BE58-44CB-A625-46E58EE61CAB}.Release|Android.ActiveCfg = Release|Any CPU
		{A5E6D981-BE58-44CB-A625-46E58EE61CAB}.Release|Android.Build.0 = Release|Any CPU
		{A5E6D981-BE58-44CB-A625-46E58EE61CAB}.Release|Any CPU.ActiveCfg = Release|Any CPU
		{A5E6D981-BE58-44CB-A625-46E58EE61CAB}.Release|Any CPU.Build.0 = Release|Any CPU
		{A5E6D981-BE58-44CB-A625-46E58EE61CAB}.Release|ARM.ActiveCfg = Release|Any CPU
		{A5E6D981-BE58-44CB-A625-46E58EE61CAB}.Release|ARM.Build.0 = Release|Any CPU
		{A5E6D981-BE58-44CB-A625-46E58EE61CAB}.Release|iOS.ActiveCfg = Release|Any CPU
		{A5E6D981-BE58-44CB-A625-46E58EE61CAB}.Release|iOS.Build.0 = Release|Any CPU
		{A5E6D981-BE58-44CB-A625-46E58EE61CAB}.Release|iPhone.ActiveCfg = Release|Any CPU
		{A5E6D981-BE58-44CB-A625-46E58EE61CAB}.Release|iPhone.Build.0 = Release|Any CPU
		{A5E6D981-BE58-44CB-A625-46E58EE61CAB}.Release|iPhoneSimulator.ActiveCfg = Release|Any CPU
		{A5E6D981-BE58-44CB-A625-46E58EE61CAB}.Release|iPhoneSimulator.Build.0 = Release|Any CPU
		{A5E6D981-BE58-44CB-A625-46E58EE61CAB}.Release|Windows-ARM.ActiveCfg = Release|Any CPU
		{A5E6D981-BE58-44CB-A625-46E58EE61CAB}.Release|Windows-ARM.Build.0 = Release|Any CPU
		{A5E6D981-BE58-44CB-A625-46E58EE61CAB}.Release|Windows-x64.ActiveCfg = Release|Any CPU
		{A5E6D981-BE58-44CB-A625-46E58EE61CAB}.Release|Windows-x64.Build.0 = Release|Any CPU
		{A5E6D981-BE58-44CB-A625-46E58EE61CAB}.Release|Windows-x86.ActiveCfg = Release|Any CPU
		{A5E6D981-BE58-44CB-A625-46E58EE61CAB}.Release|Windows-x86.Build.0 = Release|Any CPU
		{A5E6D981-BE58-44CB-A625-46E58EE61CAB}.Release|x64.ActiveCfg = Release|Any CPU
		{A5E6D981-BE58-44CB-A625-46E58EE61CAB}.Release|x64.Build.0 = Release|Any CPU
		{A5E6D981-BE58-44CB-A625-46E58EE61CAB}.Release|x86.ActiveCfg = Release|Any CPU
		{A5E6D981-BE58-44CB-A625-46E58EE61CAB}.Release|x86.Build.0 = Release|Any CPU
	EndGlobalSection
	GlobalSection(SolutionProperties) = preSolution
		HideSolutionNode = FALSE
	EndGlobalSection
	GlobalSection(ExtensibilityGlobals) = postSolution
		VisualSVNWorkingCopyRoot = .
	EndGlobalSection
EndGlobal
